
Microsoft Visual Studio Solution File, Format Version 12.00
# Visual Studio Version 17
VisualStudioVersion = 17.8.34330.188
MinimumVisualStudioVersion = 10.0.40219.1
Project("{2150E333-8FDC-42A3-9474-1A3956D46DE8}") = "MobileApp", "MobileApp", "{60FE4643-E372-4C39-A131-73A9AF58434D}"
EndProject
Project("{2150E333-8FDC-42A3-9474-1A3956D46DE8}") = "AdminPanel", "AdminPanel", "{BF0108E1-13FB-47D7-9A3C-9D52350517DA}"
EndProject
Project("{9A19103F-16F7-4668-BE54-9A1E7A4F7556}") = "DevInterview.MobileApp", "MobileApp\DevInterview.MobileApp.csproj", "{BCF7A65B-B3B5-49A3-86EE-B207C04C32C6}"
EndProject
Project("{9A19103F-16F7-4668-BE54-9A1E7A4F7556}") = "DevInterview.AdminPanel.Domain", "AdminPanel\DevInterview.AdminPanel.Domain\DevInterview.AdminPanel.Domain.csproj", "{3339920F-8422-462F-95F3-85486B65F323}"
EndProject
Project("{9A19103F-16F7-4668-BE54-9A1E7A4F7556}") = "DevInterview.AdminPanel.Infrastructure", "AdminPanel\DevInterview.AdminPanel.Infrastructure\DevInterview.AdminPanel.Infrastructure.csproj", "{52DB393A-21F4-4EDA-8C4F-CA8BBCBD5A09}"
EndProject
Project("{9A19103F-16F7-4668-BE54-9A1E7A4F7556}") = "DevInterview.AdminPanel.Application", "AdminPanel\DevInterview.AdminPanel.Application\DevInterview.AdminPanel.Application.csproj", "{8CF34C1B-9DC0-4C50-8479-E0C8D43E2DAC}"
EndProject
Project("{9A19103F-16F7-4668-BE54-9A1E7A4F7556}") = "DevInterview.AdminPanel.Web", "AdminPanel\DevInterview.AdminPanel.Web\DevInterview.AdminPanel.Web.csproj", "{15F5AFFD-18B9-4C09-A9CB-C18E3DDB4F1C}"
EndProject
Project("{2150E333-8FDC-42A3-9474-1A3956D46DE8}") = "Identity", "Identity", "{7F88510F-A008-45A4-B0EF-DF061DBBA7BD}"
EndProject
Project("{2150E333-8FDC-42A3-9474-1A3956D46DE8}") = "Services", "Services", "{06E53B97-B021-4A40-9548-8B580CBF063E}"
EndProject
Project("{2150E333-8FDC-42A3-9474-1A3956D46DE8}") = "Catalog", "Catalog", "{C332EA3B-94E3-44C4-A457-EE8E2F47030F}"
EndProject
Project("{2150E333-8FDC-42A3-9474-1A3956D46DE8}") = "ClientApps", "ClientApps", "{81709229-2BE9-4B80-92A3-5E95C9D5C12D}"
EndProject
Project("{2150E333-8FDC-42A3-9474-1A3956D46DE8}") = "Gateways", "Gateways", "{9C6AA745-8177-4462-8E63-45A303930D62}"
EndProject
Project("{9A19103F-16F7-4668-BE54-9A1E7A4F7556}") = "DevInterview.Catalog.Application", "Catalog\DevInterview.Catalog.Application\DevInterview.Catalog.Application.csproj", "{080EABEE-8DE8-40E6-81B6-62489404079F}"
EndProject
Project("{9A19103F-16F7-4668-BE54-9A1E7A4F7556}") = "DevInterview.Catalog.Domain", "Catalog\DevInterview.Catalog.Domain\DevInterview.Catalog.Domain.csproj", "{6DBB3529-E22C-4E48-A3FD-16DCEA0F94E8}"
EndProject
Project("{9A19103F-16F7-4668-BE54-9A1E7A4F7556}") = "DevInterview.Catalog.Infrastructure", "Catalog\DevInterview.Catalog.Infrastructure\DevInterview.Catalog.Infrastructure.csproj", "{39A7F727-5F17-4921-81B9-1B4DEB347BEA}"
EndProject
Project("{9A19103F-16F7-4668-BE54-9A1E7A4F7556}") = "DevInterview.Catalog.Api", "Catalog\DevInterview.Catalog.Api\DevInterview.Catalog.Api.csproj", "{A4F0E660-C902-4523-BAD3-AA957AC88DC0}"
EndProject
Project("{E53339B2-1760-4266-BCC7-CA923CBCF16C}") = "docker-compose", "docker-compose.dcproj", "{166ABBCB-CA35-406C-A478-1EAB6B470173}"
EndProject
Project("{9A19103F-16F7-4668-BE54-9A1E7A4F7556}") = "DevInterview.Identity.Api", "Identity\DevInterview.Identity.Api\DevInterview.Identity.Api.csproj", "{BB11EBE4-2993-4A3E-8115-96CBD55D489F}"
EndProject
Project("{2150E333-8FDC-42A3-9474-1A3956D46DE8}") = "Mobile", "Mobile", "{075824CA-F6A6-41AA-AF7F-26AD4419336F}"
EndProject
Project("{2150E333-8FDC-42A3-9474-1A3956D46DE8}") = "Web", "Web", "{8368F0E9-8C7E-4238-90FC-F0379CC838DD}"
EndProject
Project("{9A19103F-16F7-4668-BE54-9A1E7A4F7556}") = "DevInterview.Mobile.ApiGateway", "MobileApiGateway\DevInterview.Mobile.ApiGateway.csproj", "{CF332962-0966-43E7-A59C-CE2A0E08A7F7}"
EndProject
Global
	GlobalSection(SolutionConfigurationPlatforms) = preSolution
		Debug|Any CPU = Debug|Any CPU
		Release|Any CPU = Release|Any CPU
	EndGlobalSection
	GlobalSection(ProjectConfigurationPlatforms) = postSolution
		{BCF7A65B-B3B5-49A3-86EE-B207C04C32C6}.Debug|Any CPU.ActiveCfg = Debug|Any CPU
		{BCF7A65B-B3B5-49A3-86EE-B207C04C32C6}.Debug|Any CPU.Build.0 = Debug|Any CPU
		{BCF7A65B-B3B5-49A3-86EE-B207C04C32C6}.Debug|Any CPU.Deploy.0 = Debug|Any CPU
		{BCF7A65B-B3B5-49A3-86EE-B207C04C32C6}.Release|Any CPU.ActiveCfg = Release|Any CPU
		{BCF7A65B-B3B5-49A3-86EE-B207C04C32C6}.Release|Any CPU.Build.0 = Release|Any CPU
		{BCF7A65B-B3B5-49A3-86EE-B207C04C32C6}.Release|Any CPU.Deploy.0 = Release|Any CPU
		{3339920F-8422-462F-95F3-85486B65F323}.Debug|Any CPU.ActiveCfg = Debug|Any CPU
		{3339920F-8422-462F-95F3-85486B65F323}.Debug|Any CPU.Build.0 = Debug|Any CPU
		{3339920F-8422-462F-95F3-85486B65F323}.Release|Any CPU.ActiveCfg = Release|Any CPU
		{3339920F-8422-462F-95F3-85486B65F323}.Release|Any CPU.Build.0 = Release|Any CPU
		{52DB393A-21F4-4EDA-8C4F-CA8BBCBD5A09}.Debug|Any CPU.ActiveCfg = Debug|Any CPU
		{52DB393A-21F4-4EDA-8C4F-CA8BBCBD5A09}.Debug|Any CPU.Build.0 = Debug|Any CPU
		{52DB393A-21F4-4EDA-8C4F-CA8BBCBD5A09}.Release|Any CPU.ActiveCfg = Release|Any CPU
		{52DB393A-21F4-4EDA-8C4F-CA8BBCBD5A09}.Release|Any CPU.Build.0 = Release|Any CPU
		{8CF34C1B-9DC0-4C50-8479-E0C8D43E2DAC}.Debug|Any CPU.ActiveCfg = Debug|Any CPU
		{8CF34C1B-9DC0-4C50-8479-E0C8D43E2DAC}.Debug|Any CPU.Build.0 = Debug|Any CPU
		{8CF34C1B-9DC0-4C50-8479-E0C8D43E2DAC}.Release|Any CPU.ActiveCfg = Release|Any CPU
		{8CF34C1B-9DC0-4C50-8479-E0C8D43E2DAC}.Release|Any CPU.Build.0 = Release|Any CPU
		{15F5AFFD-18B9-4C09-A9CB-C18E3DDB4F1C}.Debug|Any CPU.ActiveCfg = Debug|Any CPU
		{15F5AFFD-18B9-4C09-A9CB-C18E3DDB4F1C}.Debug|Any CPU.Build.0 = Debug|Any CPU
		{15F5AFFD-18B9-4C09-A9CB-C18E3DDB4F1C}.Release|Any CPU.ActiveCfg = Release|Any CPU
		{15F5AFFD-18B9-4C09-A9CB-C18E3DDB4F1C}.Release|Any CPU.Build.0 = Release|Any CPU
		{080EABEE-8DE8-40E6-81B6-62489404079F}.Debug|Any CPU.ActiveCfg = Debug|Any CPU
		{080EABEE-8DE8-40E6-81B6-62489404079F}.Debug|Any CPU.Build.0 = Debug|Any CPU
		{080EABEE-8DE8-40E6-81B6-62489404079F}.Release|Any CPU.ActiveCfg = Release|Any CPU
		{080EABEE-8DE8-40E6-81B6-62489404079F}.Release|Any CPU.Build.0 = Release|Any CPU
		{6DBB3529-E22C-4E48-A3FD-16DCEA0F94E8}.Debug|Any CPU.ActiveCfg = Debug|Any CPU
		{6DBB3529-E22C-4E48-A3FD-16DCEA0F94E8}.Debug|Any CPU.Build.0 = Debug|Any CPU
		{6DBB3529-E22C-4E48-A3FD-16DCEA0F94E8}.Release|Any CPU.ActiveCfg = Release|Any CPU
		{6DBB3529-E22C-4E48-A3FD-16DCEA0F94E8}.Release|Any CPU.Build.0 = Release|Any CPU
		{39A7F727-5F17-4921-81B9-1B4DEB347BEA}.Debug|Any CPU.ActiveCfg = Debug|Any CPU
		{39A7F727-5F17-4921-81B9-1B4DEB347BEA}.Debug|Any CPU.Build.0 = Debug|Any CPU
		{39A7F727-5F17-4921-81B9-1B4DEB347BEA}.Release|Any CPU.ActiveCfg = Release|Any CPU
		{39A7F727-5F17-4921-81B9-1B4DEB347BEA}.Release|Any CPU.Build.0 = Release|Any CPU
		{A4F0E660-C902-4523-BAD3-AA957AC88DC0}.Debug|Any CPU.ActiveCfg = Debug|Any CPU
		{A4F0E660-C902-4523-BAD3-AA957AC88DC0}.Debug|Any CPU.Build.0 = Debug|Any CPU
		{A4F0E660-C902-4523-BAD3-AA957AC88DC0}.Release|Any CPU.ActiveCfg = Release|Any CPU
		{A4F0E660-C902-4523-BAD3-AA957AC88DC0}.Release|Any CPU.Build.0 = Release|Any CPU
		{166ABBCB-CA35-406C-A478-1EAB6B470173}.Debug|Any CPU.ActiveCfg = Debug|Any CPU
		{166ABBCB-CA35-406C-A478-1EAB6B470173}.Debug|Any CPU.Build.0 = Debug|Any CPU
		{166ABBCB-CA35-406C-A478-1EAB6B470173}.Release|Any CPU.ActiveCfg = Release|Any CPU
		{166ABBCB-CA35-406C-A478-1EAB6B470173}.Release|Any CPU.Build.0 = Release|Any CPU
		{BB11EBE4-2993-4A3E-8115-96CBD55D489F}.Debug|Any CPU.ActiveCfg = Debug|Any CPU
		{BB11EBE4-2993-4A3E-8115-96CBD55D489F}.Debug|Any CPU.Build.0 = Debug|Any CPU
		{BB11EBE4-2993-4A3E-8115-96CBD55D489F}.Release|Any CPU.ActiveCfg = Release|Any CPU
		{BB11EBE4-2993-4A3E-8115-96CBD55D489F}.Release|Any CPU.Build.0 = Release|Any CPU
		{CF332962-0966-43E7-A59C-CE2A0E08A7F7}.Debug|Any CPU.ActiveCfg = Debug|Any CPU
		{CF332962-0966-43E7-A59C-CE2A0E08A7F7}.Debug|Any CPU.Build.0 = Debug|Any CPU
		{CF332962-0966-43E7-A59C-CE2A0E08A7F7}.Release|Any CPU.ActiveCfg = Release|Any CPU
		{CF332962-0966-43E7-A59C-CE2A0E08A7F7}.Release|Any CPU.Build.0 = Release|Any CPU
	EndGlobalSection
	GlobalSection(SolutionProperties) = preSolution
		HideSolutionNode = FALSE
	EndGlobalSection
	GlobalSection(NestedProjects) = preSolution
		{60FE4643-E372-4C39-A131-73A9AF58434D} = {81709229-2BE9-4B80-92A3-5E95C9D5C12D}
		{BF0108E1-13FB-47D7-9A3C-9D52350517DA} = {81709229-2BE9-4B80-92A3-5E95C9D5C12D}
		{BCF7A65B-B3B5-49A3-86EE-B207C04C32C6} = {60FE4643-E372-4C39-A131-73A9AF58434D}
		{3339920F-8422-462F-95F3-85486B65F323} = {BF0108E1-13FB-47D7-9A3C-9D52350517DA}
		{52DB393A-21F4-4EDA-8C4F-CA8BBCBD5A09} = {BF0108E1-13FB-47D7-9A3C-9D52350517DA}
		{8CF34C1B-9DC0-4C50-8479-E0C8D43E2DAC} = {BF0108E1-13FB-47D7-9A3C-9D52350517DA}
		{15F5AFFD-18B9-4C09-A9CB-C18E3DDB4F1C} = {BF0108E1-13FB-47D7-9A3C-9D52350517DA}
		{7F88510F-A008-45A4-B0EF-DF061DBBA7BD} = {06E53B97-B021-4A40-9548-8B580CBF063E}
		{C332EA3B-94E3-44C4-A457-EE8E2F47030F} = {06E53B97-B021-4A40-9548-8B580CBF063E}
		{080EABEE-8DE8-40E6-81B6-62489404079F} = {C332EA3B-94E3-44C4-A457-EE8E2F47030F}
		{6DBB3529-E22C-4E48-A3FD-16DCEA0F94E8} = {C332EA3B-94E3-44C4-A457-EE8E2F47030F}
		{39A7F727-5F17-4921-81B9-1B4DEB347BEA} = {C332EA3B-94E3-44C4-A457-EE8E2F47030F}
		{A4F0E660-C902-4523-BAD3-AA957AC88DC0} = {C332EA3B-94E3-44C4-A457-EE8E2F47030F}
		{BB11EBE4-2993-4A3E-8115-96CBD55D489F} = {7F88510F-A008-45A4-B0EF-DF061DBBA7BD}
		{075824CA-F6A6-41AA-AF7F-26AD4419336F} = {9C6AA745-8177-4462-8E63-45A303930D62}
		{8368F0E9-8C7E-4238-90FC-F0379CC838DD} = {9C6AA745-8177-4462-8E63-45A303930D62}
		{CF332962-0966-43E7-A59C-CE2A0E08A7F7} = {075824CA-F6A6-41AA-AF7F-26AD4419336F}
	EndGlobalSection
	GlobalSection(ExtensibilityGlobals) = postSolution
		SolutionGuid = {520C8CDF-D7A1-49F8-8489-EC0BDCC95429}
	EndGlobalSection
EndGlobal
